
Microsoft Visual Studio Solution File, Format Version 12.00
# Visual Studio 15
VisualStudioVersion = 15.0.27130.2027
MinimumVisualStudioVersion = 10.0.40219.1
Project("{8BC9CEB8-8B4A-11D0-8D11-00A0C91BC942}") = "Chapter 2, Exercise 25", "Chapter 2, Exercise 25\Chapter 2, Exercise 25.vcxproj", "{CBB6E28E-F340-44F6-A8D8-7F0967596DF7}"
EndProject
Global
	GlobalSection(SolutionConfigurationPlatforms) = preSolution
		Debug|x64 = Debug|x64
		Debug|x86 = Debug|x86
		Release|x64 = Release|x64
		Release|x86 = Release|x86
	EndGlobalSection
	GlobalSection(ProjectConfigurationPlatforms) = postSolution
		{CBB6E28E-F340-44F6-A8D8-7F0967596DF7}.Debug|x64.ActiveCfg = Debug|x64
		{CBB6E28E-F340-44F6-A8D8-7F0967596DF7}.Debug|x64.Build.0 = Debug|x64
		{CBB6E28E-F340-44F6-A8D8-7F0967596DF7}.Debug|x86.ActiveCfg = Debug|Win32
		{CBB6E28E-F340-44F6-A8D8-7F0967596DF7}.Debug|x86.Build.0 = Debug|Win32
		{CBB6E28E-F340-44F6-A8D8-7F0967596DF7}.Release|x64.ActiveCfg = Release|x64
		{CBB6E28E-F340-44F6-A8D8-7F0967596DF7}.Release|x64.Build.0 = Release|x64
		{CBB6E28E-F340-44F6-A8D8-7F0967596DF7}.Release|x86.ActiveCfg = Release|Win32
		{CBB6E28E-F340-44F6-A8D8-7F0967596DF7}.Release|x86.Build.0 = Release|Win32
	EndGlobalSection
	GlobalSection(SolutionProperties) = preSolution
		HideSolutionNode = FALSE
	EndGlobalSection
	GlobalSection(ExtensibilityGlobals) = postSolution
		SolutionGuid = {9B94A329-B6D3-4FE1-A518-ACAA53D743F1}
	EndGlobalSection
EndGlobal
